
Microsoft Visual Studio Solution File, Format Version 12.00
# Visual Studio 2013
VisualStudioVersion = 12.0.21005.1
MinimumVisualStudioVersion = 10.0.40219.1
Project("{8BC9CEB8-8B4A-11D0-8D11-00A0C91BC942}") = "跳石板6_8", "跳石板6_8\跳石板6_8.vcxproj", "{D824A909-65A2-4BBD-9998-C8875C2F61BC}"
EndProject
Global
	GlobalSection(SolutionConfigurationPlatforms) = preSolution
		Debug|Win32 = Debug|Win32
		Release|Win32 = Release|Win32
	EndGlobalSection
	GlobalSection(ProjectConfigurationPlatforms) = postSolution
		{D824A909-65A2-4BBD-9998-C8875C2F61BC}.Debug|Win32.ActiveCfg = Debug|Win32
		{D824A909-65A2-4BBD-9998-C8875C2F61BC}.Debug|Win32.Build.0 = Debug|Win32
		{D824A909-65A2-4BBD-9998-C8875C2F61BC}.Release|Win32.ActiveCfg = Release|Win32
		{D824A909-65A2-4BBD-9998-C8875C2F61BC}.Release|Win32.Build.0 = Release|Win32
	EndGlobalSection
	GlobalSection(SolutionProperties) = preSolution
		HideSolutionNode = FALSE
	EndGlobalSection
EndGlobal
